{
    "_readme": [
        "This file locks the dependencies of your project to a known state",
        "Read more about it at https://getcomposer.org/doc/01-basic-usage.md#installing-dependencies",
        "This file is @generated automatically"
    ],
    "content-hash": "173eacb83d9ec436c4de34954c454bb2",
    "packages": [
        {
            "name": "yiisoft/yii",
            "version": "1.1.26",
            "source": {
                "type": "git",
                "url": "https://github.com/yiisoft/yii.git",
                "reference": "bda32f68713d4501d3fe9571e09e4b2fa06c53b7"
            },
            "dist": {
                "type": "zip",
                "url": "https://api.github.com/repos/yiisoft/yii/zipball/bda32f68713d4501d3fe9571e09e4b2fa06c53b7",
                "reference": "bda32f68713d4501d3fe9571e09e4b2fa06c53b7",
                "shasum": ""
            },
            "require": {
                "php": ">=5.1.0"
            },
            "require-dev": {
                "cweagans/composer-patches": "^1.7",
                "pear/archive_tar": "~1.4.6",
                "phing/phing": "2.*",
                "phpseclib/mcrypt_compat": "^1.0",
                "phpunit/phpunit": "4.8.34",
                "phpunit/phpunit-selenium": "~1.4.0"
            },
            "suggest": {
                "ext-mcrypt": "Required by encrypt and decrypt methods of CSecurityManager",
                "phpseclib/mcrypt_compat": "To provide mcrypt polyfill when extension is unavailable"
            },
            "bin": [
                "framework/yiic"
            ],
            "type": "library",
            "extra": {
                "branch-alias": {
                    "dev-master": "1.1.x-dev"
                },
                "composer-exit-on-patch-failure": true,
                "patches": {
                    "phpunit/phpunit-mock-objects": {
                        "Fix PHP 7 and 8 compatibility": "https://yiisoft.github.io/phpunit-patches/phpunit_mock_objects.patch"
                    },
                    "phpunit/php-file-iterator": {
                        "Fix PHP 8.1 compatibility": "https://yiisoft.github.io/phpunit-patches/phpunit_path_file_iterator.patch"
                    },
                    "phpunit/phpunit": {
                        "Fix PHP 7 compatibility": "https://yiisoft.github.io/phpunit-patches/phpunit_php7.patch",
                        "Fix PHP 8 compatibility": "https://yiisoft.github.io/phpunit-patches/phpunit_php8.patch",
                        "Fix PHP 8.1 compatibility": "https://yiisoft.github.io/phpunit-patches/phpunit_php81.patch"
                    }
                }
            },
            "autoload": {
                "classmap": [
                    "framework/YiiBase.php",
                    "framework/yii.php"
                ]
            },
            "notification-url": "https://packagist.org/downloads/",
            "license": [
                "BSD-3-Clause"
            ],
            "authors": [
                {
                    "name": "Qiang Xue",
                    "email": "qiang.xue@gmail.com",
                    "homepage": "https://www.yiiframework.com/",
                    "role": "Founder and project lead"
                },
                {
                    "name": "Alexander Makarov",
                    "email": "sam@rmcreative.ru",
                    "homepage": "https://rmcreative.ru/",
                    "role": "Core framework development"
                },
                {
                    "name": "Maurizio Domba",
                    "homepage": "http://mdomba.info/",
                    "role": "Core framework development"
                },
                {
                    "name": "Carsten Brandt",
                    "email": "mail@cebe.cc",
                    "homepage": "https://cebe.cc/",
                    "role": "Core framework development"
                },
                {
                    "name": "Timur Ruziev",
                    "email": "resurtm@gmail.com",
                    "homepage": "http://resurtm.com/",
                    "role": "Core framework development"
                },
                {
                    "name": "Paul Klimov",
                    "email": "klimov.paul@gmail.com",
                    "role": "Core framework development"
                },
                {
                    "name": "Wei Zhuo",
                    "email": "weizhuo@gmail.com",
                    "role": "Project site maintenance and development"
                },
                {
                    "name": "Sebastián Thierer",
                    "email": "sebas@artfos.com",
                    "role": "Component development"
                },
                {
                    "name": "Jeffrey Winesett",
                    "email": "jefftulsa@gmail.com",
                    "role": "Documentation and marketing"
                }
            ],
            "description": "Yii Web Programming Framework",
            "homepage": "https://www.yiiframework.com/",
            "keywords": [
                "framework",
                "yii"
            ],
            "time": "2022-09-30T11:46:30+00:00"
        }
    ],
    "packages-dev": [],
    "aliases": [],
    "minimum-stability": "stable",
    "stability-flags": [],
    "prefer-stable": false,
    "prefer-lowest": false,
    "platform": {
        "php": ">=5.1.0"
    },
    "platform-dev": []
}
